
Microsoft Visual Studio Solution File, Format Version 12.00
# Visual Studio 15
VisualStudioVersion = 15.0.26430.6
MinimumVisualStudioVersion = 10.0.40219.1
Project("{D954291E-2A0B-460D-934E-DC6B0785DB48}") = "BrainTrainerApp", "BrainTrainerApp\BrainTrainerApp\BrainTrainerApp.shproj", "{32E6285D-3243-4E8E-BC32-81FE803A579C}"
EndProject
Project("{FAE04EC0-301F-11D3-BF4B-00C04F79EFBC}") = "BrainTrainerApp.Android", "BrainTrainerApp\BrainTrainerApp.Android\BrainTrainerApp.Android.csproj", "{A312604F-3B04-4D61-92D6-693D7F3926EF}"
EndProject
Project("{FAE04EC0-301F-11D3-BF4B-00C04F79EFBC}") = "BrainTrainerApp.iOS", "BrainTrainerApp\BrainTrainerApp.iOS\BrainTrainerApp.iOS.csproj", "{60D05295-953D-4526-87A9-2D974DD34737}"
EndProject
Project("{FAE04EC0-301F-11D3-BF4B-00C04F79EFBC}") = "BrainTrainerApp.UWP", "BrainTrainerApp\BrainTrainerApp.UWP\BrainTrainerApp.UWP.csproj", "{3B53A025-0AA3-4A9E-8868-B5E6C4E95DC4}"
EndProject
Global
	GlobalSection(SharedMSBuildProjectFiles) = preSolution
		BrainTrainerApp\BrainTrainerApp\BrainTrainerApp.projitems*{32e6285d-3243-4e8e-bc32-81fe803a579c}*SharedItemsImports = 13
		BrainTrainerApp\BrainTrainerApp\BrainTrainerApp.projitems*{60d05295-953d-4526-87a9-2d974dd34737}*SharedItemsImports = 4
		BrainTrainerApp\BrainTrainerApp\BrainTrainerApp.projitems*{a312604f-3b04-4d61-92d6-693d7f3926ef}*SharedItemsImports = 4
	EndGlobalSection
	GlobalSection(SolutionConfigurationPlatforms) = preSolution
		Ad-Hoc|Any CPU = Ad-Hoc|Any CPU
		Ad-Hoc|ARM = Ad-Hoc|ARM
		Ad-Hoc|iPhone = Ad-Hoc|iPhone
		Ad-Hoc|iPhoneSimulator = Ad-Hoc|iPhoneSimulator
		Ad-Hoc|x64 = Ad-Hoc|x64
		Ad-Hoc|x86 = Ad-Hoc|x86
		AppStore|Any CPU = AppStore|Any CPU
		AppStore|ARM = AppStore|ARM
		AppStore|iPhone = AppStore|iPhone
		AppStore|iPhoneSimulator = AppStore|iPhoneSimulator
		AppStore|x64 = AppStore|x64
		AppStore|x86 = AppStore|x86
		Debug|Any CPU = Debug|Any CPU
		Debug|ARM = Debug|ARM
		Debug|iPhone = Debug|iPhone
		Debug|iPhoneSimulator = Debug|iPhoneSimulator
		Debug|x64 = Debug|x64
		Debug|x86 = Debug|x86
		Release|Any CPU = Release|Any CPU
		Release|ARM = Release|ARM
		Release|iPhone = Release|iPhone
		Release|iPhoneSimulator = Release|iPhoneSimulator
		Release|x64 = Release|x64
		Release|x86 = Release|x86
	EndGlobalSection
	GlobalSection(ProjectConfigurationPlatforms) = postSolution
		{A312604F-3B04-4D61-92D6-693D7F3926EF}.Ad-Hoc|Any CPU.ActiveCfg = Release|Any CPU
		{A312604F-3B04-4D61-92D6-693D7F3926EF}.Ad-Hoc|Any CPU.Build.0 = Release|Any CPU
		{A312604F-3B04-4D61-92D6-693D7F3926EF}.Ad-Hoc|Any CPU.Deploy.0 = Release|Any CPU
		{A312604F-3B04-4D61-92D6-693D7F3926EF}.Ad-Hoc|ARM.ActiveCfg = Release|Any CPU
		{A312604F-3B04-4D61-92D6-693D7F3926EF}.Ad-Hoc|ARM.Build.0 = Release|Any CPU
		{A312604F-3B04-4D61-92D6-693D7F3926EF}.Ad-Hoc|ARM.Deploy.0 = Release|Any CPU
		{A312604F-3B04-4D61-92D6-693D7F3926EF}.Ad-Hoc|iPhone.ActiveCfg = Release|Any CPU
		{A312604F-3B04-4D61-92D6-693D7F3926EF}.Ad-Hoc|iPhone.Build.0 = Release|Any CPU
		{A312604F-3B04-4D61-92D6-693D7F3926EF}.Ad-Hoc|iPhone.Deploy.0 = Release|Any CPU
		{A312604F-3B04-4D61-92D6-693D7F3926EF}.Ad-Hoc|iPhoneSimulator.ActiveCfg = Release|Any CPU
		{A312604F-3B04-4D61-92D6-693D7F3926EF}.Ad-Hoc|iPhoneSimulator.Build.0 = Release|Any CPU
		{A312604F-3B04-4D61-92D6-693D7F3926EF}.Ad-Hoc|iPhoneSimulator.Deploy.0 = Release|Any CPU
		{A312604F-3B04-4D61-92D6-693D7F3926EF}.Ad-Hoc|x64.ActiveCfg = Release|Any CPU
		{A312604F-3B04-4D61-92D6-693D7F3926EF}.Ad-Hoc|x64.Build.0 = Release|Any CPU
		{A312604F-3B04-4D61-92D6-693D7F3926EF}.Ad-Hoc|x64.Deploy.0 = Release|Any CPU
		{A312604F-3B04-4D61-92D6-693D7F3926EF}.Ad-Hoc|x86.ActiveCfg = Release|Any CPU
		{A312604F-3B04-4D61-92D6-693D7F3926EF}.Ad-Hoc|x86.Build.0 = Release|Any CPU
		{A312604F-3B04-4D61-92D6-693D7F3926EF}.Ad-Hoc|x86.Deploy.0 = Release|Any CPU
		{A312604F-3B04-4D61-92D6-693D7F3926EF}.AppStore|Any CPU.ActiveCfg = Release|Any CPU
		{A312604F-3B04-4D61-92D6-693D7F3926EF}.AppStore|Any CPU.Build.0 = Release|Any CPU
		{A312604F-3B04-4D61-92D6-693D7F3926EF}.AppStore|Any CPU.Deploy.0 = Release|Any CPU
		{A312604F-3B04-4D61-92D6-693D7F3926EF}.AppStore|ARM.ActiveCfg = Release|Any CPU
		{A312604F-3B04-4D61-92D6-693D7F3926EF}.AppStore|ARM.Build.0 = Release|Any CPU
		{A312604F-3B04-4D61-92D6-693D7F3926EF}.AppStore|ARM.Deploy.0 = Release|Any CPU
		{A312604F-3B04-4D61-92D6-693D7F3926EF}.AppStore|iPhone.ActiveCfg = Release|Any CPU
		{A312604F-3B04-4D61-92D6-693D7F3926EF}.AppStore|iPhone.Build.0 = Release|Any CPU
		{A312604F-3B04-4D61-92D6-693D7F3926EF}.AppStore|iPhone.Deploy.0 = Release|Any CPU
		{A312604F-3B04-4D61-92D6-693D7F3926EF}.AppStore|iPhoneSimulator.ActiveCfg = Release|Any CPU
		{A312604F-3B04-4D61-92D6-693D7F3926EF}.AppStore|iPhoneSimulator.Build.0 = Release|Any CPU
		{A312604F-3B04-4D61-92D6-693D7F3926EF}.AppStore|iPhoneSimulator.Deploy.0 = Release|Any CPU
		{A312604F-3B04-4D61-92D6-693D7F3926EF}.AppStore|x64.ActiveCfg = Release|Any CPU
		{A312604F-3B04-4D61-92D6-693D7F3926EF}.AppStore|x64.Build.0 = Release|Any CPU
		{A312604F-3B04-4D61-92D6-693D7F3926EF}.AppStore|x64.Deploy.0 = Release|Any CPU
		{A312604F-3B04-4D61-92D6-693D7F3926EF}.AppStore|x86.ActiveCfg = Release|Any CPU
		{A312604F-3B04-4D61-92D6-693D7F3926EF}.AppStore|x86.Build.0 = Release|Any CPU
		{A312604F-3B04-4D61-92D6-693D7F3926EF}.AppStore|x86.Deploy.0 = Release|Any CPU
		{A312604F-3B04-4D61-92D6-693D7F3926EF}.Debug|Any CPU.ActiveCfg = Debug|Any CPU
		{A312604F-3B04-4D61-92D6-693D7F3926EF}.Debug|Any CPU.Build.0 = Debug|Any CPU
		{A312604F-3B04-4D61-92D6-693D7F3926EF}.Debug|Any CPU.Deploy.0 = Debug|Any CPU
		{A312604F-3B04-4D61-92D6-693D7F3926EF}.Debug|ARM.ActiveCfg = Debug|Any CPU
		{A312604F-3B04-4D61-92D6-693D7F3926EF}.Debug|ARM.Build.0 = Debug|Any CPU
		{A312604F-3B04-4D61-92D6-693D7F3926EF}.Debug|ARM.Deploy.0 = Debug|Any CPU
		{A312604F-3B04-4D61-92D6-693D7F3926EF}.Debug|iPhone.ActiveCfg = Debug|Any CPU
		{A312604F-3B04-4D61-92D6-693D7F3926EF}.Debug|iPhone.Build.0 = Debug|Any CPU
		{A312604F-3B04-4D61-92D6-693D7F3926EF}.Debug|iPhone.Deploy.0 = Debug|Any CPU
		{A312604F-3B04-4D61-92D6-693D7F3926EF}.Debug|iPhoneSimulator.ActiveCfg = Debug|Any CPU
		{A312604F-3B04-4D61-92D6-693D7F3926EF}.Debug|iPhoneSimulator.Build.0 = Debug|Any CPU
		{A312604F-3B04-4D61-92D6-693D7F3926EF}.Debug|iPhoneSimulator.Deploy.0 = Debug|Any CPU
		{A312604F-3B04-4D61-92D6-693D7F3926EF}.Debug|x64.ActiveCfg = Debug|Any CPU
		{A312604F-3B04-4D61-92D6-693D7F3926EF}.Debug|x64.Build.0 = Debug|Any CPU
		{A312604F-3B04-4D61-92D6-693D7F3926EF}.Debug|x64.Deploy.0 = Debug|Any CPU
		{A312604F-3B04-4D61-92D6-693D7F3926EF}.Debug|x86.ActiveCfg = Debug|Any CPU
		{A312604F-3B04-4D61-92D6-693D7F3926EF}.Debug|x86.Build.0 = Debug|Any CPU
		{A312604F-3B04-4D61-92D6-693D7F3926EF}.Debug|x86.Deploy.0 = Debug|Any CPU
		{A312604F-3B04-4D61-92D6-693D7F3926EF}.Release|Any CPU.ActiveCfg = Release|Any CPU
		{A312604F-3B04-4D61-92D6-693D7F3926EF}.Release|Any CPU.Build.0 = Release|Any CPU
		{A312604F-3B04-4D61-92D6-693D7F3926EF}.Release|Any CPU.Deploy.0 = Release|Any CPU
		{A312604F-3B04-4D61-92D6-693D7F3926EF}.Release|ARM.ActiveCfg = Release|Any CPU
		{A312604F-3B04-4D61-92D6-693D7F3926EF}.Release|ARM.Build.0 = Release|Any CPU
		{A312604F-3B04-4D61-92D6-693D7F3926EF}.Release|ARM.Deploy.0 = Release|Any CPU
		{A312604F-3B04-4D61-92D6-693D7F3926EF}.Release|iPhone.ActiveCfg = Release|Any CPU
		{A312604F-3B04-4D61-92D6-693D7F3926EF}.Release|iPhone.Build.0 = Release|Any CPU
		{A312604F-3B04-4D61-92D6-693D7F3926EF}.Release|iPhone.Deploy.0 = Release|Any CPU
		{A312604F-3B04-4D61-92D6-693D7F3926EF}.Release|iPhoneSimulator.ActiveCfg = Release|Any CPU
		{A312604F-3B04-4D61-92D6-693D7F3926EF}.Release|iPhoneSimulator.Build.0 = Release|Any CPU
		{A312604F-3B04-4D61-92D6-693D7F3926EF}.Release|iPhoneSimulator.Deploy.0 = Release|Any CPU
		{A312604F-3B04-4D61-92D6-693D7F3926EF}.Release|x64.ActiveCfg = Release|Any CPU
		{A312604F-3B04-4D61-92D6-693D7F3926EF}.Release|x64.Build.0 = Release|Any CPU
		{A312604F-3B04-4D61-92D6-693D7F3926EF}.Release|x64.Deploy.0 = Release|Any CPU
		{A312604F-3B04-4D61-92D6-693D7F3926EF}.Release|x86.ActiveCfg = Release|Any CPU
		{A312604F-3B04-4D61-92D6-693D7F3926EF}.Release|x86.Build.0 = Release|Any CPU
		{A312604F-3B04-4D61-92D6-693D7F3926EF}.Release|x86.Deploy.0 = Release|Any CPU
		{60D05295-953D-4526-87A9-2D974DD34737}.Ad-Hoc|Any CPU.ActiveCfg = Ad-Hoc|iPhone
		{60D05295-953D-4526-87A9-2D974DD34737}.Ad-Hoc|ARM.ActiveCfg = Ad-Hoc|iPhone
		{60D05295-953D-4526-87A9-2D974DD34737}.Ad-Hoc|iPhone.ActiveCfg = Ad-Hoc|iPhone
		{60D05295-953D-4526-87A9-2D974DD34737}.Ad-Hoc|iPhone.Build.0 = Ad-Hoc|iPhone
		{60D05295-953D-4526-87A9-2D974DD34737}.Ad-Hoc|iPhoneSimulator.ActiveCfg = Ad-Hoc|iPhoneSimulator
		{60D05295-953D-4526-87A9-2D974DD34737}.Ad-Hoc|iPhoneSimulator.Build.0 = Ad-Hoc|iPhoneSimulator
		{60D05295-953D-4526-87A9-2D974DD34737}.Ad-Hoc|x64.ActiveCfg = Ad-Hoc|iPhone
		{60D05295-953D-4526-87A9-2D974DD34737}.Ad-Hoc|x86.ActiveCfg = Ad-Hoc|iPhone
		{60D05295-953D-4526-87A9-2D974DD34737}.AppStore|Any CPU.ActiveCfg = AppStore|iPhone
		{60D05295-953D-4526-87A9-2D974DD34737}.AppStore|ARM.ActiveCfg = AppStore|iPhone
		{60D05295-953D-4526-87A9-2D974DD34737}.AppStore|iPhone.ActiveCfg = AppStore|iPhone
		{60D05295-953D-4526-87A9-2D974DD34737}.AppStore|iPhone.Build.0 = AppStore|iPhone
		{60D05295-953D-4526-87A9-2D974DD34737}.AppStore|iPhoneSimulator.ActiveCfg = AppStore|iPhoneSimulator
		{60D05295-953D-4526-87A9-2D974DD34737}.AppStore|iPhoneSimulator.Build.0 = AppStore|iPhoneSimulator
		{60D05295-953D-4526-87A9-2D974DD34737}.AppStore|x64.ActiveCfg = AppStore|iPhone
		{60D05295-953D-4526-87A9-2D974DD34737}.AppStore|x86.ActiveCfg = AppStore|iPhone
		{60D05295-953D-4526-87A9-2D974DD34737}.Debug|Any CPU.ActiveCfg = Debug|iPhone
		{60D05295-953D-4526-87A9-2D974DD34737}.Debug|ARM.ActiveCfg = Debug|iPhone
		{60D05295-953D-4526-87A9-2D974DD34737}.Debug|iPhone.ActiveCfg = Debug|iPhone
		{60D05295-953D-4526-87A9-2D974DD34737}.Debug|iPhone.Build.0 = Debug|iPhone
		{60D05295-953D-4526-87A9-2D974DD34737}.Debug|iPhoneSimulator.ActiveCfg = Debug|iPhoneSimulator
		{60D05295-953D-4526-87A9-2D974DD34737}.Debug|iPhoneSimulator.Build.0 = Debug|iPhoneSimulator
		{60D05295-953D-4526-87A9-2D974DD34737}.Debug|x64.ActiveCfg = Debug|iPhone
		{60D05295-953D-4526-87A9-2D974DD34737}.Debug|x86.ActiveCfg = Debug|iPhone
		{60D05295-953D-4526-87A9-2D974DD34737}.Release|Any CPU.ActiveCfg = Release|iPhone
		{60D05295-953D-4526-87A9-2D974DD34737}.Release|ARM.ActiveCfg = Release|iPhone
		{60D05295-953D-4526-87A9-2D974DD34737}.Release|iPhone.ActiveCfg = Release|iPhone
		{60D05295-953D-4526-87A9-2D974DD34737}.Release|iPhone.Build.0 = Release|iPhone
		{60D05295-953D-4526-87A9-2D974DD34737}.Release|iPhoneSimulator.ActiveCfg = Release|iPhoneSimulator
		{60D05295-953D-4526-87A9-2D974DD34737}.Release|iPhoneSimulator.Build.0 = Release|iPhoneSimulator
		{60D05295-953D-4526-87A9-2D974DD34737}.Release|x64.ActiveCfg = Release|iPhone
		{60D05295-953D-4526-87A9-2D974DD34737}.Release|x86.ActiveCfg = Release|iPhone
		{3B53A025-0AA3-4A9E-8868-B5E6C4E95DC4}.Ad-Hoc|Any CPU.ActiveCfg = Release|x86
		{3B53A025-0AA3-4A9E-8868-B5E6C4E95DC4}.Ad-Hoc|Any CPU.Build.0 = Release|x86
		{3B53A025-0AA3-4A9E-8868-B5E6C4E95DC4}.Ad-Hoc|Any CPU.Deploy.0 = Release|x86
		{3B53A025-0AA3-4A9E-8868-B5E6C4E95DC4}.Ad-Hoc|ARM.ActiveCfg = Release|ARM
		{3B53A025-0AA3-4A9E-8868-B5E6C4E95DC4}.Ad-Hoc|ARM.Build.0 = Release|ARM
		{3B53A025-0AA3-4A9E-8868-B5E6C4E95DC4}.Ad-Hoc|ARM.Deploy.0 = Release|ARM
		{3B53A025-0AA3-4A9E-8868-B5E6C4E95DC4}.Ad-Hoc|iPhone.ActiveCfg = Release|x86
		{3B53A025-0AA3-4A9E-8868-B5E6C4E95DC4}.Ad-Hoc|iPhone.Build.0 = Release|x86
		{3B53A025-0AA3-4A9E-8868-B5E6C4E95DC4}.Ad-Hoc|iPhone.Deploy.0 = Release|x86
		{3B53A025-0AA3-4A9E-8868-B5E6C4E95DC4}.Ad-Hoc|iPhoneSimulator.ActiveCfg = Release|x86
		{3B53A025-0AA3-4A9E-8868-B5E6C4E95DC4}.Ad-Hoc|iPhoneSimulator.Build.0 = Release|x86
		{3B53A025-0AA3-4A9E-8868-B5E6C4E95DC4}.Ad-Hoc|iPhoneSimulator.Deploy.0 = Release|x86
		{3B53A025-0AA3-4A9E-8868-B5E6C4E95DC4}.Ad-Hoc|x64.ActiveCfg = Release|x64
		{3B53A025-0AA3-4A9E-8868-B5E6C4E95DC4}.Ad-Hoc|x64.Build.0 = Release|x64
		{3B53A025-0AA3-4A9E-8868-B5E6C4E95DC4}.Ad-Hoc|x64.Deploy.0 = Release|x64
		{3B53A025-0AA3-4A9E-8868-B5E6C4E95DC4}.Ad-Hoc|x86.ActiveCfg = Release|x86
		{3B53A025-0AA3-4A9E-8868-B5E6C4E95DC4}.Ad-Hoc|x86.Build.0 = Release|x86
		{3B53A025-0AA3-4A9E-8868-B5E6C4E95DC4}.Ad-Hoc|x86.Deploy.0 = Release|x86
		{3B53A025-0AA3-4A9E-8868-B5E6C4E95DC4}.AppStore|Any CPU.ActiveCfg = Release|x86
		{3B53A025-0AA3-4A9E-8868-B5E6C4E95DC4}.AppStore|Any CPU.Build.0 = Release|x86
		{3B53A025-0AA3-4A9E-8868-B5E6C4E95DC4}.AppStore|Any CPU.Deploy.0 = Release|x86
		{3B53A025-0AA3-4A9E-8868-B5E6C4E95DC4}.AppStore|ARM.ActiveCfg = Release|ARM
		{3B53A025-0AA3-4A9E-8868-B5E6C4E95DC4}.AppStore|ARM.Build.0 = Release|ARM
		{3B53A025-0AA3-4A9E-8868-B5E6C4E95DC4}.AppStore|ARM.Deploy.0 = Release|ARM
		{3B53A025-0AA3-4A9E-8868-B5E6C4E95DC4}.AppStore|iPhone.ActiveCfg = Release|x86
		{3B53A025-0AA3-4A9E-8868-B5E6C4E95DC4}.AppStore|iPhone.Build.0 = Release|x86
		{3B53A025-0AA3-4A9E-8868-B5E6C4E95DC4}.AppStore|iPhone.Deploy.0 = Release|x86
		{3B53A025-0AA3-4A9E-8868-B5E6C4E95DC4}.AppStore|iPhoneSimulator.ActiveCfg = Release|x86
		{3B53A025-0AA3-4A9E-8868-B5E6C4E95DC4}.AppStore|iPhoneSimulator.Build.0 = Release|x86
		{3B53A025-0AA3-4A9E-8868-B5E6C4E95DC4}.AppStore|iPhoneSimulator.Deploy.0 = Release|x86
		{3B53A025-0AA3-4A9E-8868-B5E6C4E95DC4}.AppStore|x64.ActiveCfg = Release|x64
		{3B53A025-0AA3-4A9E-8868-B5E6C4E95DC4}.AppStore|x64.Build.0 = Release|x64
		{3B53A025-0AA3-4A9E-8868-B5E6C4E95DC4}.AppStore|x64.Deploy.0 = Release|x64
		{3B53A025-0AA3-4A9E-8868-B5E6C4E95DC4}.AppStore|x86.ActiveCfg = Release|x86
		{3B53A025-0AA3-4A9E-8868-B5E6C4E95DC4}.AppStore|x86.Build.0 = Release|x86
		{3B53A025-0AA3-4A9E-8868-B5E6C4E95DC4}.AppStore|x86.Deploy.0 = Release|x86
		{3B53A025-0AA3-4A9E-8868-B5E6C4E95DC4}.Debug|Any CPU.ActiveCfg = Debug|x86
		{3B53A025-0AA3-4A9E-8868-B5E6C4E95DC4}.Debug|Any CPU.Build.0 = Debug|x86
		{3B53A025-0AA3-4A9E-8868-B5E6C4E95DC4}.Debug|Any CPU.Deploy.0 = Debug|x86
		{3B53A025-0AA3-4A9E-8868-B5E6C4E95DC4}.Debug|ARM.ActiveCfg = Debug|ARM
		{3B53A025-0AA3-4A9E-8868-B5E6C4E95DC4}.Debug|ARM.Build.0 = Debug|ARM
		{3B53A025-0AA3-4A9E-8868-B5E6C4E95DC4}.Debug|ARM.Deploy.0 = Debug|ARM
		{3B53A025-0AA3-4A9E-8868-B5E6C4E95DC4}.Debug|iPhone.ActiveCfg = Debug|x86
		{3B53A025-0AA3-4A9E-8868-B5E6C4E95DC4}.Debug|iPhoneSimulator.ActiveCfg = Debug|x86
		{3B53A025-0AA3-4A9E-8868-B5E6C4E95DC4}.Debug|x64.ActiveCfg = Debug|x64
		{3B53A025-0AA3-4A9E-8868-B5E6C4E95DC4}.Debug|x64.Build.0 = Debug|x64
		{3B53A025-0AA3-4A9E-8868-B5E6C4E95DC4}.Debug|x64.Deploy.0 = Debug|x64
		{3B53A025-0AA3-4A9E-8868-B5E6C4E95DC4}.Debug|x86.ActiveCfg = Debug|x86
		{3B53A025-0AA3-4A9E-8868-B5E6C4E95DC4}.Debug|x86.Build.0 = Debug|x86
		{3B53A025-0AA3-4A9E-8868-B5E6C4E95DC4}.Debug|x86.Deploy.0 = Debug|x86
		{3B53A025-0AA3-4A9E-8868-B5E6C4E95DC4}.Release|Any CPU.ActiveCfg = Release|x86
		{3B53A025-0AA3-4A9E-8868-B5E6C4E95DC4}.Release|ARM.ActiveCfg = Release|ARM
		{3B53A025-0AA3-4A9E-8868-B5E6C4E95DC4}.Release|ARM.Build.0 = Release|ARM
		{3B53A025-0AA3-4A9E-8868-B5E6C4E95DC4}.Release|ARM.Deploy.0 = Release|ARM
		{3B53A025-0AA3-4A9E-8868-B5E6C4E95DC4}.Release|iPhone.ActiveCfg = Release|x86
		{3B53A025-0AA3-4A9E-8868-B5E6C4E95DC4}.Release|iPhoneSimulator.ActiveCfg = Release|x86
		{3B53A025-0AA3-4A9E-8868-B5E6C4E95DC4}.Release|x64.ActiveCfg = Release|x64
		{3B53A025-0AA3-4A9E-8868-B5E6C4E95DC4}.Release|x64.Build.0 = Release|x64
		{3B53A025-0AA3-4A9E-8868-B5E6C4E95DC4}.Release|x64.Deploy.0 = Release|x64
		{3B53A025-0AA3-4A9E-8868-B5E6C4E95DC4}.Release|x86.ActiveCfg = Release|x86
		{3B53A025-0AA3-4A9E-8868-B5E6C4E95DC4}.Release|x86.Build.0 = Release|x86
		{3B53A025-0AA3-4A9E-8868-B5E6C4E95DC4}.Release|x86.Deploy.0 = Release|x86
	EndGlobalSection
	GlobalSection(SolutionProperties) = preSolution
		HideSolutionNode = FALSE
	EndGlobalSection
EndGlobal
